// !$*UTF8*$!
{
	archiveVersion = 1;
	classes = {
	};
	objectVersion = 55;
	objects = {

/* Begin PBXBuildFile section */
		3504505E29673AB50005D9F0 /* HomeViewController.swift in Sources */ = {isa = PBXBuildFile; fileRef = 3504505D29673AB50005D9F0 /* HomeViewController.swift */; };
		3504506029673ACE0005D9F0 /* SettingViewController.swift in Sources */ = {isa = PBXBuildFile; fileRef = 3504505F29673ACE0005D9F0 /* SettingViewController.swift */; };
		3504506229673AF40005D9F0 /* InvestmentViewController.swift in Sources */ = {isa = PBXBuildFile; fileRef = 3504506129673AF40005D9F0 /* InvestmentViewController.swift */; };
		3537547C296BB8F60008DED7 /* Constants.swift in Sources */ = {isa = PBXBuildFile; fileRef = 3537547B296BB8F60008DED7 /* Constants.swift */; };
		356B0C13296800E800E92552 /* WelcomeViewController.swift in Sources */ = {isa = PBXBuildFile; fileRef = 356B0C12296800E800E92552 /* WelcomeViewController.swift */; };
		356B0C1C2968197B00E92552 /* LastSpendingTitleCell.swift in Sources */ = {isa = PBXBuildFile; fileRef = 356B0C1A2968197B00E92552 /* LastSpendingTitleCell.swift */; };
		356B0C1D2968197B00E92552 /* LastSpendingTitleCell.xib in Resources */ = {isa = PBXBuildFile; fileRef = 356B0C1B2968197B00E92552 /* LastSpendingTitleCell.xib */; };
		356B0C2029681DF600E92552 /* LastSpendingCollectionViewCell.swift in Sources */ = {isa = PBXBuildFile; fileRef = 356B0C1E29681DF600E92552 /* LastSpendingCollectionViewCell.swift */; };
		356B0C2129681DF600E92552 /* LastSpendingCollectionViewCell.xib in Resources */ = {isa = PBXBuildFile; fileRef = 356B0C1F29681DF600E92552 /* LastSpendingCollectionViewCell.xib */; };
		357E7C9329677E33006BE4B5 /* PortfolioCollectionCell.swift in Sources */ = {isa = PBXBuildFile; fileRef = 357E7C9129677E33006BE4B5 /* PortfolioCollectionCell.swift */; };
		357E7C9429677E33006BE4B5 /* PortfolioCollectionCell.xib in Resources */ = {isa = PBXBuildFile; fileRef = 357E7C9229677E33006BE4B5 /* PortfolioCollectionCell.xib */; };
		357E7C9729678077006BE4B5 /* CardTableViewCell.swift in Sources */ = {isa = PBXBuildFile; fileRef = 357E7C9529678077006BE4B5 /* CardTableViewCell.swift */; };
		357E7C9829678077006BE4B5 /* CardTableViewCell.xib in Resources */ = {isa = PBXBuildFile; fileRef = 357E7C9629678077006BE4B5 /* CardTableViewCell.xib */; };
		357E7C9B296780C4006BE4B5 /* CardCollectionCell.swift in Sources */ = {isa = PBXBuildFile; fileRef = 357E7C99296780C4006BE4B5 /* CardCollectionCell.swift */; };
		357E7C9C296780C4006BE4B5 /* CardCollectionCell.xib in Resources */ = {isa = PBXBuildFile; fileRef = 357E7C9A296780C4006BE4B5 /* CardCollectionCell.xib */; };
		357E7C9F296786FA006BE4B5 /* RecentTableViewCell.swift in Sources */ = {isa = PBXBuildFile; fileRef = 357E7C9D296786FA006BE4B5 /* RecentTableViewCell.swift */; };
		357E7CA0296786FA006BE4B5 /* RecentTableViewCell.xib in Resources */ = {isa = PBXBuildFile; fileRef = 357E7C9E296786FA006BE4B5 /* RecentTableViewCell.xib */; };
		357E7CA32967874F006BE4B5 /* RecentCollectionViewCell.swift in Sources */ = {isa = PBXBuildFile; fileRef = 357E7CA12967874F006BE4B5 /* RecentCollectionViewCell.swift */; };
		357E7CA42967874F006BE4B5 /* RecentCollectionViewCell.xib in Resources */ = {isa = PBXBuildFile; fileRef = 357E7CA22967874F006BE4B5 /* RecentCollectionViewCell.xib */; };
		358FC8CA2967F9A800B03D4E /* PortfolioHeaderTableViewCell.swift in Sources */ = {isa = PBXBuildFile; fileRef = 358FC8C82967F9A800B03D4E /* PortfolioHeaderTableViewCell.swift */; };
		358FC8CB2967F9A800B03D4E /* PortfolioHeaderTableViewCell.xib in Resources */ = {isa = PBXBuildFile; fileRef = 358FC8C92967F9A800B03D4E /* PortfolioHeaderTableViewCell.xib */; };
		358FC8CE2967FAB500B03D4E /* PortfolioHeaderCollectionViewCell.swift in Sources */ = {isa = PBXBuildFile; fileRef = 358FC8CC2967FAB500B03D4E /* PortfolioHeaderCollectionViewCell.swift */; };
		358FC8CF2967FAB500B03D4E /* PortfolioHeaderCollectionViewCell.xib in Resources */ = {isa = PBXBuildFile; fileRef = 358FC8CD2967FAB500B03D4E /* PortfolioHeaderCollectionViewCell.xib */; };
		35D1D048296751FD00961407 /* UIView-Extension.swift in Sources */ = {isa = PBXBuildFile; fileRef = 35D1D047296751FD00961407 /* UIView-Extension.swift */; };
		35D1D05029676C5F00961407 /* CollectionCell.swift in Sources */ = {isa = PBXBuildFile; fileRef = 35D1D04E29676C5F00961407 /* CollectionCell.swift */; };
		35D1D05129676C5F00961407 /* CollectionCell.xib in Resources */ = {isa = PBXBuildFile; fileRef = 35D1D04F29676C5F00961407 /* CollectionCell.xib */; };
		35F33C412967029500D626AF /* AppDelegate.swift in Sources */ = {isa = PBXBuildFile; fileRef = 35F33C402967029500D626AF /* AppDelegate.swift */; };
		35F33C432967029500D626AF /* SceneDelegate.swift in Sources */ = {isa = PBXBuildFile; fileRef = 35F33C422967029500D626AF /* SceneDelegate.swift */; };
		35F33C452967029500D626AF /* ViewController.swift in Sources */ = {isa = PBXBuildFile; fileRef = 35F33C442967029500D626AF /* ViewController.swift */; };
		35F33C482967029500D626AF /* Main.storyboard in Resources */ = {isa = PBXBuildFile; fileRef = 35F33C462967029500D626AF /* Main.storyboard */; };
		35F33C4A2967029500D626AF /* Assets.xcassets in Resources */ = {isa = PBXBuildFile; fileRef = 35F33C492967029500D626AF /* Assets.xcassets */; };
		35F33C4D2967029500D626AF /* LaunchScreen.storyboard in Resources */ = {isa = PBXBuildFile; fileRef = 35F33C4B2967029500D626AF /* LaunchScreen.storyboard */; };
		8813B25238F096A0E29FEF0D /* Pods_CustomApp.framework in Frameworks */ = {isa = PBXBuildFile; fileRef = 5A0C0AD68AA8FFD224948D2A /* Pods_CustomApp.framework */; };
/* End PBXBuildFile section */

/* Begin PBXFileReference section */
		3504505D29673AB50005D9F0 /* HomeViewController.swift */ = {isa = PBXFileReference; lastKnownFileType = sourcecode.swift; path = HomeViewController.swift; sourceTree = "<group>"; };
		3504505F29673ACE0005D9F0 /* SettingViewController.swift */ = {isa = PBXFileReference; lastKnownFileType = sourcecode.swift; path = SettingViewController.swift; sourceTree = "<group>"; };
		3504506129673AF40005D9F0 /* InvestmentViewController.swift */ = {isa = PBXFileReference; lastKnownFileType = sourcecode.swift; path = InvestmentViewController.swift; sourceTree = "<group>"; };
		3537547B296BB8F60008DED7 /* Constants.swift */ = {isa = PBXFileReference; lastKnownFileType = sourcecode.swift; path = Constants.swift; sourceTree = "<group>"; };
		356B0C12296800E800E92552 /* WelcomeViewController.swift */ = {isa = PBXFileReference; lastKnownFileType = sourcecode.swift; path = WelcomeViewController.swift; sourceTree = "<group>"; };
		356B0C1A2968197B00E92552 /* LastSpendingTitleCell.swift */ = {isa = PBXFileReference; lastKnownFileType = sourcecode.swift; path = LastSpendingTitleCell.swift; sourceTree = "<group>"; };
		356B0C1B2968197B00E92552 /* LastSpendingTitleCell.xib */ = {isa = PBXFileReference; lastKnownFileType = file.xib; path = LastSpendingTitleCell.xib; sourceTree = "<group>"; };
		356B0C1E29681DF600E92552 /* LastSpendingCollectionViewCell.swift */ = {isa = PBXFileReference; lastKnownFileType = sourcecode.swift; path = LastSpendingCollectionViewCell.swift; sourceTree = "<group>"; };
		356B0C1F29681DF600E92552 /* LastSpendingCollectionViewCell.xib */ = {isa = PBXFileReference; lastKnownFileType = file.xib; path = LastSpendingCollectionViewCell.xib; sourceTree = "<group>"; };
		357E7C9129677E33006BE4B5 /* PortfolioCollectionCell.swift */ = {isa = PBXFileReference; lastKnownFileType = sourcecode.swift; path = PortfolioCollectionCell.swift; sourceTree = "<group>"; };
		357E7C9229677E33006BE4B5 /* PortfolioCollectionCell.xib */ = {isa = PBXFileReference; lastKnownFileType = file.xib; path = PortfolioCollectionCell.xib; sourceTree = "<group>"; };
		357E7C9529678077006BE4B5 /* CardTableViewCell.swift */ = {isa = PBXFileReference; lastKnownFileType = sourcecode.swift; path = CardTableViewCell.swift; sourceTree = "<group>"; };
		357E7C9629678077006BE4B5 /* CardTableViewCell.xib */ = {isa = PBXFileReference; lastKnownFileType = file.xib; path = CardTableViewCell.xib; sourceTree = "<group>"; };
		357E7C99296780C4006BE4B5 /* CardCollectionCell.swift */ = {isa = PBXFileReference; lastKnownFileType = sourcecode.swift; path = CardCollectionCell.swift; sourceTree = "<group>"; };
		357E7C9A296780C4006BE4B5 /* CardCollectionCell.xib */ = {isa = PBXFileReference; lastKnownFileType = file.xib; path = CardCollectionCell.xib; sourceTree = "<group>"; };
		357E7C9D296786FA006BE4B5 /* RecentTableViewCell.swift */ = {isa = PBXFileReference; lastKnownFileType = sourcecode.swift; path = RecentTableViewCell.swift; sourceTree = "<group>"; };
		357E7C9E296786FA006BE4B5 /* RecentTableViewCell.xib */ = {isa = PBXFileReference; lastKnownFileType = file.xib; path = RecentTableViewCell.xib; sourceTree = "<group>"; };
		357E7CA12967874F006BE4B5 /* RecentCollectionViewCell.swift */ = {isa = PBXFileReference; lastKnownFileType = sourcecode.swift; path = RecentCollectionViewCell.swift; sourceTree = "<group>"; };
		357E7CA22967874F006BE4B5 /* RecentCollectionViewCell.xib */ = {isa = PBXFileReference; lastKnownFileType = file.xib; path = RecentCollectionViewCell.xib; sourceTree = "<group>"; };
		358FC8C82967F9A800B03D4E /* PortfolioHeaderTableViewCell.swift */ = {isa = PBXFileReference; lastKnownFileType = sourcecode.swift; path = PortfolioHeaderTableViewCell.swift; sourceTree = "<group>"; };
		358FC8C92967F9A800B03D4E /* PortfolioHeaderTableViewCell.xib */ = {isa = PBXFileReference; lastKnownFileType = file.xib; path = PortfolioHeaderTableViewCell.xib; sourceTree = "<group>"; };
		358FC8CC2967FAB500B03D4E /* PortfolioHeaderCollectionViewCell.swift */ = {isa = PBXFileReference; lastKnownFileType = sourcecode.swift; path = PortfolioHeaderCollectionViewCell.swift; sourceTree = "<group>"; };
		358FC8CD2967FAB500B03D4E /* PortfolioHeaderCollectionViewCell.xib */ = {isa = PBXFileReference; lastKnownFileType = file.xib; path = PortfolioHeaderCollectionViewCell.xib; sourceTree = "<group>"; };
		35D1D047296751FD00961407 /* UIView-Extension.swift */ = {isa = PBXFileReference; lastKnownFileType = sourcecode.swift; path = "UIView-Extension.swift"; sourceTree = "<group>"; };
		35D1D04E29676C5F00961407 /* CollectionCell.swift */ = {isa = PBXFileReference; lastKnownFileType = sourcecode.swift; path = CollectionCell.swift; sourceTree = "<group>"; };
		35D1D04F29676C5F00961407 /* CollectionCell.xib */ = {isa = PBXFileReference; lastKnownFileType = file.xib; path = CollectionCell.xib; sourceTree = "<group>"; };
		35F33C3D2967029500D626AF /* CustomApp.app */ = {isa = PBXFileReference; explicitFileType = wrapper.application; includeInIndex = 0; path = CustomApp.app; sourceTree = BUILT_PRODUCTS_DIR; };
		35F33C402967029500D626AF /* AppDelegate.swift */ = {isa = PBXFileReference; lastKnownFileType = sourcecode.swift; path = AppDelegate.swift; sourceTree = "<group>"; };
		35F33C422967029500D626AF /* SceneDelegate.swift */ = {isa = PBXFileReference; lastKnownFileType = sourcecode.swift; path = SceneDelegate.swift; sourceTree = "<group>"; };
		35F33C442967029500D626AF /* ViewController.swift */ = {isa = PBXFileReference; lastKnownFileType = sourcecode.swift; path = ViewController.swift; sourceTree = "<group>"; };
		35F33C472967029500D626AF /* Base */ = {isa = PBXFileReference; lastKnownFileType = file.storyboard; name = Base; path = Base.lproj/Main.storyboard; sourceTree = "<group>"; };
		35F33C492967029500D626AF /* Assets.xcassets */ = {isa = PBXFileReference; lastKnownFileType = folder.assetcatalog; path = Assets.xcassets; sourceTree = "<group>"; };
		35F33C4C2967029500D626AF /* Base */ = {isa = PBXFileReference; lastKnownFileType = file.storyboard; name = Base; path = Base.lproj/LaunchScreen.storyboard; sourceTree = "<group>"; };
		35F33C4E2967029500D626AF /* Info.plist */ = {isa = PBXFileReference; lastKnownFileType = text.plist.xml; path = Info.plist; sourceTree = "<group>"; };
		5A0C0AD68AA8FFD224948D2A /* Pods_CustomApp.framework */ = {isa = PBXFileReference; explicitFileType = wrapper.framework; includeInIndex = 0; path = Pods_CustomApp.framework; sourceTree = BUILT_PRODUCTS_DIR; };
		6F88985621C0F7AB00497BA8 /* Pods-CustomApp.release.xcconfig */ = {isa = PBXFileReference; includeInIndex = 1; lastKnownFileType = text.xcconfig; name = "Pods-CustomApp.release.xcconfig"; path = "Target Support Files/Pods-CustomApp/Pods-CustomApp.release.xcconfig"; sourceTree = "<group>"; };
		9FD7F47BE01F510034E346F3 /* Pods-CustomApp.debug.xcconfig */ = {isa = PBXFileReference; includeInIndex = 1; lastKnownFileType = text.xcconfig; name = "Pods-CustomApp.debug.xcconfig"; path = "Target Support Files/Pods-CustomApp/Pods-CustomApp.debug.xcconfig"; sourceTree = "<group>"; };
/* End PBXFileReference section */

/* Begin PBXFrameworksBuildPhase section */
		35F33C3A2967029500D626AF /* Frameworks */ = {
			isa = PBXFrameworksBuildPhase;
			buildActionMask = 2147483647;
			files = (
				8813B25238F096A0E29FEF0D /* Pods_CustomApp.framework in Frameworks */,
			);
			runOnlyForDeploymentPostprocessing = 0;
		};
/* End PBXFrameworksBuildPhase section */

/* Begin PBXGroup section */
		3504505C29673A9E0005D9F0 /* Controller */ = {
			isa = PBXGroup;
			children = (
				356B0C172968185300E92552 /* Setting */,
				356B0C162968183D00E92552 /* Investment */,
				356B0C152968183300E92552 /* Home */,
				356B0C142968182E00E92552 /* Welcome */,
				35F33C442967029500D626AF /* ViewController.swift */,
			);
			path = Controller;
			sourceTree = "<group>";
		};
		356B0C142968182E00E92552 /* Welcome */ = {
			isa = PBXGroup;
			children = (
				356B0C12296800E800E92552 /* WelcomeViewController.swift */,
			);
			path = Welcome;
			sourceTree = "<group>";
		};
		356B0C152968183300E92552 /* Home */ = {
			isa = PBXGroup;
			children = (
				356B0C192968187800E92552 /* Cell */,
			);
			path = Home;
			sourceTree = "<group>";
		};
		356B0C162968183D00E92552 /* Investment */ = {
			isa = PBXGroup;
			children = (
				356B0C182968186200E92552 /* Cell */,
				3504506129673AF40005D9F0 /* InvestmentViewController.swift */,
			);
			path = Investment;
			sourceTree = "<group>";
		};
		356B0C172968185300E92552 /* Setting */ = {
			isa = PBXGroup;
			children = (
				3504505F29673ACE0005D9F0 /* SettingViewController.swift */,
			);
			path = Setting;
			sourceTree = "<group>";
		};
		356B0C182968186200E92552 /* Cell */ = {
			isa = PBXGroup;
			children = (
				356B0C1A2968197B00E92552 /* LastSpendingTitleCell.swift */,
				356B0C1B2968197B00E92552 /* LastSpendingTitleCell.xib */,
				356B0C1E29681DF600E92552 /* LastSpendingCollectionViewCell.swift */,
				356B0C1F29681DF600E92552 /* LastSpendingCollectionViewCell.xib */,
			);
			path = Cell;
			sourceTree = "<group>";
		};
		356B0C192968187800E92552 /* Cell */ = {
			isa = PBXGroup;
			children = (
				3504505D29673AB50005D9F0 /* HomeViewController.swift */,
				35D1D05229677D5C00961407 /* TableViewCells */,
				35D1D05329677D6400961407 /* CollectionViewCells */,
			);
			path = Cell;
			sourceTree = "<group>";
		};
		35D1D046296751EA00961407 /* Extension */ = {
			isa = PBXGroup;
			children = (
				35D1D047296751FD00961407 /* UIView-Extension.swift */,
			);
			path = Extension;
			sourceTree = "<group>";
		};
		35D1D05229677D5C00961407 /* TableViewCells */ = {
			isa = PBXGroup;
			children = (
				357E7C9529678077006BE4B5 /* CardTableViewCell.swift */,
				357E7C9629678077006BE4B5 /* CardTableViewCell.xib */,
				35D1D04E29676C5F00961407 /* CollectionCell.swift */,
				35D1D04F29676C5F00961407 /* CollectionCell.xib */,
				357E7C9D296786FA006BE4B5 /* RecentTableViewCell.swift */,
				357E7C9E296786FA006BE4B5 /* RecentTableViewCell.xib */,
				358FC8C82967F9A800B03D4E /* PortfolioHeaderTableViewCell.swift */,
				358FC8C92967F9A800B03D4E /* PortfolioHeaderTableViewCell.xib */,
			);
			path = TableViewCells;
			sourceTree = "<group>";
		};
		35D1D05329677D6400961407 /* CollectionViewCells */ = {
			isa = PBXGroup;
			children = (
				357E7C9129677E33006BE4B5 /* PortfolioCollectionCell.swift */,
				357E7C9229677E33006BE4B5 /* PortfolioCollectionCell.xib */,
				357E7C99296780C4006BE4B5 /* CardCollectionCell.swift */,
				357E7C9A296780C4006BE4B5 /* CardCollectionCell.xib */,
				357E7CA12967874F006BE4B5 /* RecentCollectionViewCell.swift */,
				357E7CA22967874F006BE4B5 /* RecentCollectionViewCell.xib */,
				358FC8CC2967FAB500B03D4E /* PortfolioHeaderCollectionViewCell.swift */,
				358FC8CD2967FAB500B03D4E /* PortfolioHeaderCollectionViewCell.xib */,
			);
			path = CollectionViewCells;
			sourceTree = "<group>";
		};
		35F33C342967029500D626AF = {
			isa = PBXGroup;
			children = (
				35F33C3F2967029500D626AF /* CustomApp */,
				35F33C3E2967029500D626AF /* Products */,
				F9953CC04193D41B88F69BE6 /* Pods */,
				91207271EE6FD61207815D77 /* Frameworks */,
			);
			sourceTree = "<group>";
		};
		35F33C3E2967029500D626AF /* Products */ = {
			isa = PBXGroup;
			children = (
				35F33C3D2967029500D626AF /* CustomApp.app */,
			);
			name = Products;
			sourceTree = "<group>";
		};
		35F33C3F2967029500D626AF /* CustomApp */ = {
			isa = PBXGroup;
			children = (
				35D1D046296751EA00961407 /* Extension */,
				3504505C29673A9E0005D9F0 /* Controller */,
				35F33C402967029500D626AF /* AppDelegate.swift */,
				35F33C422967029500D626AF /* SceneDelegate.swift */,
				35F33C462967029500D626AF /* Main.storyboard */,
				35F33C492967029500D626AF /* Assets.xcassets */,
				35F33C4B2967029500D626AF /* LaunchScreen.storyboard */,
				35F33C4E2967029500D626AF /* Info.plist */,
				3537547B296BB8F60008DED7 /* Constants.swift */,
			);
			path = CustomApp;
			sourceTree = "<group>";
		};
		91207271EE6FD61207815D77 /* Frameworks */ = {
			isa = PBXGroup;
			children = (
				5A0C0AD68AA8FFD224948D2A /* Pods_CustomApp.framework */,
			);
			name = Frameworks;
			sourceTree = "<group>";
		};
		F9953CC04193D41B88F69BE6 /* Pods */ = {
			isa = PBXGroup;
			children = (
				9FD7F47BE01F510034E346F3 /* Pods-CustomApp.debug.xcconfig */,
				6F88985621C0F7AB00497BA8 /* Pods-CustomApp.release.xcconfig */,
			);
			path = Pods;
			sourceTree = "<group>";
		};
/* End PBXGroup section */

/* Begin PBXNativeTarget section */
		35F33C3C2967029500D626AF /* CustomApp */ = {
			isa = PBXNativeTarget;
			buildConfigurationList = 35F33C512967029500D626AF /* Build configuration list for PBXNativeTarget "CustomApp" */;
			buildPhases = (
				2410A2F4B668FF95E914957D /* [CP] Check Pods Manifest.lock */,
				35F33C392967029500D626AF /* Sources */,
				35F33C3A2967029500D626AF /* Frameworks */,
				35F33C3B2967029500D626AF /* Resources */,
				F570ADD2EDEDCB69A96DFCBC /* [CP] Embed Pods Frameworks */,
			);
			buildRules = (
			);
			dependencies = (
			);
			name = CustomApp;
			productName = CustomApp;
			productReference = 35F33C3D2967029500D626AF /* CustomApp.app */;
			productType = "com.apple.product-type.application";
		};
/* End PBXNativeTarget section */

/* Begin PBXProject section */
		35F33C352967029500D626AF /* Project object */ = {
			isa = PBXProject;
			attributes = {
				BuildIndependentTargetsInParallel = 1;
				LastSwiftUpdateCheck = 1410;
				LastUpgradeCheck = 1410;
				TargetAttributes = {
					35F33C3C2967029500D626AF = {
						CreatedOnToolsVersion = 14.1;
					};
				};
			};
			buildConfigurationList = 35F33C382967029500D626AF /* Build configuration list for PBXProject "CustomApp" */;
			compatibilityVersion = "Xcode 13.0";
			developmentRegion = en;
			hasScannedForEncodings = 0;
			knownRegions = (
				en,
				Base,
			);
			mainGroup = 35F33C342967029500D626AF;
			productRefGroup = 35F33C3E2967029500D626AF /* Products */;
			projectDirPath = "";
			projectRoot = "";
			targets = (
				35F33C3C2967029500D626AF /* CustomApp */,
			);
		};
/* End PBXProject section */

/* Begin PBXResourcesBuildPhase section */
		35F33C3B2967029500D626AF /* Resources */ = {
			isa = PBXResourcesBuildPhase;
			buildActionMask = 2147483647;
			files = (
				358FC8CF2967FAB500B03D4E /* PortfolioHeaderCollectionViewCell.xib in Resources */,
				35D1D05129676C5F00961407 /* CollectionCell.xib in Resources */,
				35F33C4D2967029500D626AF /* LaunchScreen.storyboard in Resources */,
				357E7C9C296780C4006BE4B5 /* CardCollectionCell.xib in Resources */,
				356B0C1D2968197B00E92552 /* LastSpendingTitleCell.xib in Resources */,
				357E7C9429677E33006BE4B5 /* PortfolioCollectionCell.xib in Resources */,
				357E7CA0296786FA006BE4B5 /* RecentTableViewCell.xib in Resources */,
				35F33C4A2967029500D626AF /* Assets.xcassets in Resources */,
				35F33C482967029500D626AF /* Main.storyboard in Resources */,
				357E7CA42967874F006BE4B5 /* RecentCollectionViewCell.xib in Resources */,
				356B0C2129681DF600E92552 /* LastSpendingCollectionViewCell.xib in Resources */,
				358FC8CB2967F9A800B03D4E /* PortfolioHeaderTableViewCell.xib in Resources */,
				357E7C9829678077006BE4B5 /* CardTableViewCell.xib in Resources */,
			);
			runOnlyForDeploymentPostprocessing = 0;
		};
/* End PBXResourcesBuildPhase section */

/* Begin PBXShellScriptBuildPhase section */
		2410A2F4B668FF95E914957D /* [CP] Check Pods Manifest.lock */ = {
			isa = PBXShellScriptBuildPhase;
			buildActionMask = 2147483647;
			files = (
			);
			inputFileListPaths = (
			);
			inputPaths = (
				"${PODS_PODFILE_DIR_PATH}/Podfile.lock",
				"${PODS_ROOT}/Manifest.lock",
			);
			name = "[CP] Check Pods Manifest.lock";
			outputFileListPaths = (
			);
			outputPaths = (
				"$(DERIVED_FILE_DIR)/Pods-CustomApp-checkManifestLockResult.txt",
			);
			runOnlyForDeploymentPostprocessing = 0;
			shellPath = /bin/sh;
			shellScript = "diff \"${PODS_PODFILE_DIR_PATH}/Podfile.lock\" \"${PODS_ROOT}/Manifest.lock\" > /dev/null\nif [ $? != 0 ] ; then\n    # print error to STDERR\n    echo \"error: The sandbox is not in sync with the Podfile.lock. Run 'pod install' or update your CocoaPods installation.\" >&2\n    exit 1\nfi\n# This output is used by Xcode 'outputs' to avoid re-running this script phase.\necho \"SUCCESS\" > \"${SCRIPT_OUTPUT_FILE_0}\"\n";
			showEnvVarsInLog = 0;
		};
		F570ADD2EDEDCB69A96DFCBC /* [CP] Embed Pods Frameworks */ = {
			isa = PBXShellScriptBuildPhase;
			buildActionMask = 2147483647;
			files = (
			);
			inputFileListPaths = (
				"${PODS_ROOT}/Target Support Files/Pods-CustomApp/Pods-CustomApp-frameworks-${CONFIGURATION}-input-files.xcfilelist",
			);
			name = "[CP] Embed Pods Frameworks";
			outputFileListPaths = (
				"${PODS_ROOT}/Target Support Files/Pods-CustomApp/Pods-CustomApp-frameworks-${CONFIGURATION}-output-files.xcfilelist",
			);
			runOnlyForDeploymentPostprocessing = 0;
			shellPath = /bin/sh;
			shellScript = "\"${PODS_ROOT}/Target Support Files/Pods-CustomApp/Pods-CustomApp-frameworks.sh\"\n";
			showEnvVarsInLog = 0;
		};
/* End PBXShellScriptBuildPhase section */

/* Begin PBXSourcesBuildPhase section */
		35F33C392967029500D626AF /* Sources */ = {
			isa = PBXSourcesBuildPhase;
			buildActionMask = 2147483647;
			files = (
				3504506029673ACE0005D9F0 /* SettingViewController.swift in Sources */,
				3537547C296BB8F60008DED7 /* Constants.swift in Sources */,
				356B0C13296800E800E92552 /* WelcomeViewController.swift in Sources */,
				357E7C9B296780C4006BE4B5 /* CardCollectionCell.swift in Sources */,
				358FC8CE2967FAB500B03D4E /* PortfolioHeaderCollectionViewCell.swift in Sources */,
				357E7CA32967874F006BE4B5 /* RecentCollectionViewCell.swift in Sources */,
				35F33C452967029500D626AF /* ViewController.swift in Sources */,
				356B0C2029681DF600E92552 /* LastSpendingCollectionViewCell.swift in Sources */,
				357E7C9329677E33006BE4B5 /* PortfolioCollectionCell.swift in Sources */,
				357E7C9F296786FA006BE4B5 /* RecentTableViewCell.swift in Sources */,
				35D1D05029676C5F00961407 /* CollectionCell.swift in Sources */,
				35F33C412967029500D626AF /* AppDelegate.swift in Sources */,
				357E7C9729678077006BE4B5 /* CardTableViewCell.swift in Sources */,
				35D1D048296751FD00961407 /* UIView-Extension.swift in Sources */,
				3504506229673AF40005D9F0 /* InvestmentViewController.swift in Sources */,
				358FC8CA2967F9A800B03D4E /* PortfolioHeaderTableViewCell.swift in Sources */,
				35F33C432967029500D626AF /* SceneDelegate.swift in Sources */,
				3504505E29673AB50005D9F0 /* HomeViewController.swift in Sources */,
				356B0C1C2968197B00E92552 /* LastSpendingTitleCell.swift in Sources */,
			);
			runOnlyForDeploymentPostprocessing = 0;
		};
/* End PBXSourcesBuildPhase section */

/* Begin PBXVariantGroup section */
		35F33C462967029500D626AF /* Main.storyboard */ = {
			isa = PBXVariantGroup;
			children = (
				35F33C472967029500D626AF /* Base */,
			);
			name = Main.storyboard;
			sourceTree = "<group>";
		};
		35F33C4B2967029500D626AF /* LaunchScreen.storyboard */ = {
			isa = PBXVariantGroup;
			children = (
				35F33C4C2967029500D626AF /* Base */,
			);
			name = LaunchScreen.storyboard;
			sourceTree = "<group>";
		};
/* End PBXVariantGroup section */

/* Begin XCBuildConfiguration section */
		35F33C4F2967029500D626AF /* Debug */ = {
			isa = XCBuildConfiguration;
			buildSettings = {
				ALWAYS_SEARCH_USER_PATHS = NO;
				CLANG_ANALYZER_NONNULL = YES;
				CLANG_ANALYZER_NUMBER_OBJECT_CONVERSION = YES_AGGRESSIVE;
				CLANG_CXX_LANGUAGE_STANDARD = "gnu++20";
				CLANG_ENABLE_MODULES = YES;
				CLANG_ENABLE_OBJC_ARC = YES;
				CLANG_ENABLE_OBJC_WEAK = YES;
				CLANG_WARN_BLOCK_CAPTURE_AUTORELEASING = YES;
				CLANG_WARN_BOOL_CONVERSION = YES;
				CLANG_WARN_COMMA = YES;
				CLANG_WARN_CONSTANT_CONVERSION = YES;
				CLANG_WARN_DEPRECATED_OBJC_IMPLEMENTATIONS = YES;
				CLANG_WARN_DIRECT_OBJC_ISA_USAGE = YES_ERROR;
				CLANG_WARN_DOCUMENTATION_COMMENTS = YES;
				CLANG_WARN_EMPTY_BODY = YES;
				CLANG_WARN_ENUM_CONVERSION = YES;
				CLANG_WARN_INFINITE_RECURSION = YES;
				CLANG_WARN_INT_CONVERSION = YES;
				CLANG_WARN_NON_LITERAL_NULL_CONVERSION = YES;
				CLANG_WARN_OBJC_IMPLICIT_RETAIN_SELF = YES;
				CLANG_WARN_OBJC_LITERAL_CONVERSION = YES;
				CLANG_WARN_OBJC_ROOT_CLASS = YES_ERROR;
				CLANG_WARN_QUOTED_INCLUDE_IN_FRAMEWORK_HEADER = YES;
				CLANG_WARN_RANGE_LOOP_ANALYSIS = YES;
				CLANG_WARN_STRICT_PROTOTYPES = YES;
				CLANG_WARN_SUSPICIOUS_MOVE = YES;
				CLANG_WARN_UNGUARDED_AVAILABILITY = YES_AGGRESSIVE;
				CLANG_WARN_UNREACHABLE_CODE = YES;
				CLANG_WARN__DUPLICATE_METHOD_MATCH = YES;
				COPY_PHASE_STRIP = NO;
				DEBUG_INFORMATION_FORMAT = dwarf;
				ENABLE_STRICT_OBJC_MSGSEND = YES;
				ENABLE_TESTABILITY = YES;
				GCC_C_LANGUAGE_STANDARD = gnu11;
				GCC_DYNAMIC_NO_PIC = NO;
				GCC_NO_COMMON_BLOCKS = YES;
				GCC_OPTIMIZATION_LEVEL = 0;
				GCC_PREPROCESSOR_DEFINITIONS = (
					"DEBUG=1",
					"$(inherited)",
				);
				GCC_WARN_64_TO_32_BIT_CONVERSION = YES;
				GCC_WARN_ABOUT_RETURN_TYPE = YES_ERROR;
				GCC_WARN_UNDECLARED_SELECTOR = YES;
				GCC_WARN_UNINITIALIZED_AUTOS = YES_AGGRESSIVE;
				GCC_WARN_UNUSED_FUNCTION = YES;
				GCC_WARN_UNUSED_VARIABLE = YES;
				IPHONEOS_DEPLOYMENT_TARGET = 16.1;
				MTL_ENABLE_DEBUG_INFO = INCLUDE_SOURCE;
				MTL_FAST_MATH = YES;
				ONLY_ACTIVE_ARCH = YES;
				SDKROOT = iphoneos;
				SWIFT_ACTIVE_COMPILATION_CONDITIONS = DEBUG;
				SWIFT_OPTIMIZATION_LEVEL = "-Onone";
			};
			name = Debug;
		};
		35F33C502967029500D626AF /* Release */ = {
			isa = XCBuildConfiguration;
			buildSettings = {
				ALWAYS_SEARCH_USER_PATHS = NO;
				CLANG_ANALYZER_NONNULL = YES;
				CLANG_ANALYZER_NUMBER_OBJECT_CONVERSION = YES_AGGRESSIVE;
				CLANG_CXX_LANGUAGE_STANDARD = "gnu++20";
				CLANG_ENABLE_MODULES = YES;
				CLANG_ENABLE_OBJC_ARC = YES;
				CLANG_ENABLE_OBJC_WEAK = YES;
				CLANG_WARN_BLOCK_CAPTURE_AUTORELEASING = YES;
				CLANG_WARN_BOOL_CONVERSION = YES;
				CLANG_WARN_COMMA = YES;
				CLANG_WARN_CONSTANT_CONVERSION = YES;
				CLANG_WARN_DEPRECATED_OBJC_IMPLEMENTATIONS = YES;
				CLANG_WARN_DIRECT_OBJC_ISA_USAGE = YES_ERROR;
				CLANG_WARN_DOCUMENTATION_COMMENTS = YES;
				CLANG_WARN_EMPTY_BODY = YES;
				CLANG_WARN_ENUM_CONVERSION = YES;
				CLANG_WARN_INFINITE_RECURSION = YES;
				CLANG_WARN_INT_CONVERSION = YES;
				CLANG_WARN_NON_LITERAL_NULL_CONVERSION = YES;
				CLANG_WARN_OBJC_IMPLICIT_RETAIN_SELF = YES;
				CLANG_WARN_OBJC_LITERAL_CONVERSION = YES;
				CLANG_WARN_OBJC_ROOT_CLASS = YES_ERROR;
				CLANG_WARN_QUOTED_INCLUDE_IN_FRAMEWORK_HEADER = YES;
				CLANG_WARN_RANGE_LOOP_ANALYSIS = YES;
				CLANG_WARN_STRICT_PROTOTYPES = YES;
				CLANG_WARN_SUSPICIOUS_MOVE = YES;
				CLANG_WARN_UNGUARDED_AVAILABILITY = YES_AGGRESSIVE;
				CLANG_WARN_UNREACHABLE_CODE = YES;
				CLANG_WARN__DUPLICATE_METHOD_MATCH = YES;
				COPY_PHASE_STRIP = NO;
				DEBUG_INFORMATION_FORMAT = "dwarf-with-dsym";
				ENABLE_NS_ASSERTIONS = NO;
				ENABLE_STRICT_OBJC_MSGSEND = YES;
				GCC_C_LANGUAGE_STANDARD = gnu11;
				GCC_NO_COMMON_BLOCKS = YES;
				GCC_WARN_64_TO_32_BIT_CONVERSION = YES;
				GCC_WARN_ABOUT_RETURN_TYPE = YES_ERROR;
				GCC_WARN_UNDECLARED_SELECTOR = YES;
				GCC_WARN_UNINITIALIZED_AUTOS = YES_AGGRESSIVE;
				GCC_WARN_UNUSED_FUNCTION = YES;
				GCC_WARN_UNUSED_VARIABLE = YES;
				IPHONEOS_DEPLOYMENT_TARGET = 16.1;
				MTL_ENABLE_DEBUG_INFO = NO;
				MTL_FAST_MATH = YES;
				SDKROOT = iphoneos;
				SWIFT_COMPILATION_MODE = wholemodule;
				SWIFT_OPTIMIZATION_LEVEL = "-O";
				VALIDATE_PRODUCT = YES;
			};
			name = Release;
		};
		35F33C522967029500D626AF /* Debug */ = {
			isa = XCBuildConfiguration;
			baseConfigurationReference = 9FD7F47BE01F510034E346F3 /* Pods-CustomApp.debug.xcconfig */;
			buildSettings = {
				ASSETCATALOG_COMPILER_APPICON_NAME = AppIcon;
				ASSETCATALOG_COMPILER_GLOBAL_ACCENT_COLOR_NAME = AccentColor;
				CODE_SIGN_STYLE = Automatic;
				CURRENT_PROJECT_VERSION = 1;
				DEVELOPMENT_TEAM = BS5VLXVPLJ;
				GENERATE_INFOPLIST_FILE = YES;
				INFOPLIST_FILE = CustomApp/Info.plist;
				INFOPLIST_KEY_UIApplicationSupportsIndirectInputEvents = YES;
				INFOPLIST_KEY_UILaunchStoryboardName = LaunchScreen;
				INFOPLIST_KEY_UIMainStoryboardFile = Main;
				INFOPLIST_KEY_UISupportedInterfaceOrientations_iPad = "UIInterfaceOrientationPortrait UIInterfaceOrientationPortraitUpsideDown UIInterfaceOrientationLandscapeLeft UIInterfaceOrientationLandscapeRight";
				INFOPLIST_KEY_UISupportedInterfaceOrientations_iPhone = "UIInterfaceOrientationPortrait UIInterfaceOrientationLandscapeLeft UIInterfaceOrientationLandscapeRight";
				LD_RUNPATH_SEARCH_PATHS = (
					"$(inherited)",
					"@executable_path/Frameworks",
				);
				MARKETING_VERSION = 1.0;
				PRODUCT_BUNDLE_IDENTIFIER = com.ornek.CustomApp;
				PRODUCT_NAME = "$(TARGET_NAME)";
				SUPPORTED_PLATFORMS = "iphoneos iphonesimulator";
				SUPPORTS_MACCATALYST = NO;
				SUPPORTS_MAC_DESIGNED_FOR_IPHONE_IPAD = NO;
				SWIFT_EMIT_LOC_STRINGS = YES;
				SWIFT_VERSION = 5.0;
				TARGETED_DEVICE_FAMILY = 1;
			};
			name = Debug;
		};
		35F33C532967029500D626AF /* Release */ = {
			isa = XCBuildConfiguration;
			baseConfigurationReference = 6F88985621C0F7AB00497BA8 /* Pods-CustomApp.release.xcconfig */;
			buildSettings = {
				ASSETCATALOG_COMPILER_APPICON_NAME = AppIcon;
				ASSETCATALOG_COMPILER_GLOBAL_ACCENT_COLOR_NAME = AccentColor;
				CODE_SIGN_STYLE = Automatic;
				CURRENT_PROJECT_VERSION = 1;
				DEVELOPMENT_TEAM = BS5VLXVPLJ;
				GENERATE_INFOPLIST_FILE = YES;
				INFOPLIST_FILE = CustomApp/Info.plist;
				INFOPLIST_KEY_UIApplicationSupportsIndirectInputEvents = YES;
				INFOPLIST_KEY_UILaunchStoryboardName = LaunchScreen;
				INFOPLIST_KEY_UIMainStoryboardFile = Main;
				INFOPLIST_KEY_UISupportedInterfaceOrientations_iPad = "UIInterfaceOrientationPortrait UIInterfaceOrientationPortraitUpsideDown UIInterfaceOrientationLandscapeLeft UIInterfaceOrientationLandscapeRight";
				INFOPLIST_KEY_UISupportedInterfaceOrientations_iPhone = "UIInterfaceOrientationPortrait UIInterfaceOrientationLandscapeLeft UIInterfaceOrientationLandscapeRight";
				LD_RUNPATH_SEARCH_PATHS = (
					"$(inherited)",
					"@executable_path/Frameworks",
				);
				MARKETING_VERSION = 1.0;
				PRODUCT_BUNDLE_IDENTIFIER = com.ornek.CustomApp;
				PRODUCT_NAME = "$(TARGET_NAME)";
				SUPPORTED_PLATFORMS = "iphoneos iphonesimulator";
				SUPPORTS_MACCATALYST = NO;
				SUPPORTS_MAC_DESIGNED_FOR_IPHONE_IPAD = NO;
				SWIFT_EMIT_LOC_STRINGS = YES;
				SWIFT_VERSION = 5.0;
				TARGETED_DEVICE_FAMILY = 1;
			};
			name = Release;
		};
/* End XCBuildConfiguration section */

/* Begin XCConfigurationList section */
		35F33C382967029500D626AF /* Build configuration list for PBXProject "CustomApp" */ = {
			isa = XCConfigurationList;
			buildConfigurations = (
				35F33C4F2967029500D626AF /* Debug */,
				35F33C502967029500D626AF /* Release */,
			);
			defaultConfigurationIsVisible = 0;
			defaultConfigurationName = Release;
		};
		35F33C512967029500D626AF /* Build configuration list for PBXNativeTarget "CustomApp" */ = {
			isa = XCConfigurationList;
			buildConfigurations = (
				35F33C522967029500D626AF /* Debug */,
				35F33C532967029500D626AF /* Release */,
			);
			defaultConfigurationIsVisible = 0;
			defaultConfigurationName = Release;
		};
/* End XCConfigurationList section */
	};
	rootObject = 35F33C352967029500D626AF /* Project object */;
}
